
Microsoft Visual Studio Solution File, Format Version 12.00
# Visual Studio Version 17
VisualStudioVersion = 17.2.32602.215
MinimumVisualStudioVersion = 10.0.40219.1
Project("{FAE04EC0-301F-11D3-BF4B-00C04F79EFBC}") = "HotelManager", "HotelManager.csproj", "{91D3411C-415C-4402-9360-A5605EE0BF3B}"
EndProject
Global
	GlobalSection(SolutionConfigurationPlatforms) = preSolution
		Debug|Any CPU = Debug|Any CPU
		Release|Any CPU = Release|Any CPU
	EndGlobalSection
	GlobalSection(ProjectConfigurationPlatforms) = postSolution
		{91D3411C-415C-4402-9360-A5605EE0BF3B}.Debug|Any CPU.ActiveCfg = Debug|Any CPU
		{91D3411C-415C-4402-9360-A5605EE0BF3B}.Debug|Any CPU.Build.0 = Debug|Any CPU
		{91D3411C-415C-4402-9360-A5605EE0BF3B}.Release|Any CPU.ActiveCfg = Release|Any CPU
		{91D3411C-415C-4402-9360-A5605EE0BF3B}.Release|Any CPU.Build.0 = Release|Any CPU
	EndGlobalSection
	GlobalSection(SolutionProperties) = preSolution
		HideSolutionNode = FALSE
	EndGlobalSection
	GlobalSection(ExtensibilityGlobals) = postSolution
		SolutionGuid = {985AF411-51A8-4F64-B5D7-AAD564B803EC}
	EndGlobalSection
EndGlobal
